
Microsoft Visual Studio Solution File, Format Version 12.00
# Visual Studio 2012
Project("{FAE04EC0-301F-11D3-BF4B-00C04F79EFBC}") = "section6", "section6\section6.csproj", "{C3515D16-64E5-4C31-B97D-73F42AFD8C38}"
EndProject
Global
	GlobalSection(SolutionConfigurationPlatforms) = preSolution
		Debug|Any CPU = Debug|Any CPU
		Release|Any CPU = Release|Any CPU
	EndGlobalSection
	GlobalSection(ProjectConfigurationPlatforms) = postSolution
		{C3515D16-64E5-4C31-B97D-73F42AFD8C38}.Debug|Any CPU.ActiveCfg = Debug|Any CPU
		{C3515D16-64E5-4C31-B97D-73F42AFD8C38}.Debug|Any CPU.Build.0 = Debug|Any CPU
		{C3515D16-64E5-4C31-B97D-73F42AFD8C38}.Release|Any CPU.ActiveCfg = Release|Any CPU
		{C3515D16-64E5-4C31-B97D-73F42AFD8C38}.Release|Any CPU.Build.0 = Release|Any CPU
	EndGlobalSection
EndGlobal
