
Microsoft Visual Studio Solution File, Format Version 12.00
# Visual Studio 2012
Project("{FAE04EC0-301F-11D3-BF4B-00C04F79EFBC}") = "guessNum", "guessNum\guessNum.csproj", "{3666FD9B-028B-4C8D-ADAB-8D3323099D00}"
EndProject
Global
	GlobalSection(SolutionConfigurationPlatforms) = preSolution
		Debug|Any CPU = Debug|Any CPU
		Release|Any CPU = Release|Any CPU
	EndGlobalSection
	GlobalSection(ProjectConfigurationPlatforms) = postSolution
		{3666FD9B-028B-4C8D-ADAB-8D3323099D00}.Debug|Any CPU.ActiveCfg = Debug|Any CPU
		{3666FD9B-028B-4C8D-ADAB-8D3323099D00}.Debug|Any CPU.Build.0 = Debug|Any CPU
		{3666FD9B-028B-4C8D-ADAB-8D3323099D00}.Release|Any CPU.ActiveCfg = Release|Any CPU
		{3666FD9B-028B-4C8D-ADAB-8D3323099D00}.Release|Any CPU.Build.0 = Release|Any CPU
	EndGlobalSection
EndGlobal
