
Microsoft Visual Studio Solution File, Format Version 12.00
# Visual Studio 2012
Project("{FAE04EC0-301F-11D3-BF4B-00C04F79EFBC}") = "Arrays", "Arrays\Arrays.csproj", "{77A989AB-AEC0-4BBA-83E5-165C3729AD04}"
EndProject
Global
	GlobalSection(SolutionConfigurationPlatforms) = preSolution
		Debug|Any CPU = Debug|Any CPU
		Release|Any CPU = Release|Any CPU
	EndGlobalSection
	GlobalSection(ProjectConfigurationPlatforms) = postSolution
		{77A989AB-AEC0-4BBA-83E5-165C3729AD04}.Debug|Any CPU.ActiveCfg = Debug|Any CPU
		{77A989AB-AEC0-4BBA-83E5-165C3729AD04}.Debug|Any CPU.Build.0 = Debug|Any CPU
		{77A989AB-AEC0-4BBA-83E5-165C3729AD04}.Release|Any CPU.ActiveCfg = Release|Any CPU
		{77A989AB-AEC0-4BBA-83E5-165C3729AD04}.Release|Any CPU.Build.0 = Release|Any CPU
	EndGlobalSection
EndGlobal
