
Microsoft Visual Studio Solution File, Format Version 12.00
# Visual Studio 2012
Project("{FAE04EC0-301F-11D3-BF4B-00C04F79EFBC}") = "ValueTypes", "ValueTypes\ValueTypes.csproj", "{28E79E9B-632F-47E8-B7B3-BE1B1DFE5299}"
EndProject
Global
	GlobalSection(SolutionConfigurationPlatforms) = preSolution
		Debug|Any CPU = Debug|Any CPU
		Release|Any CPU = Release|Any CPU
	EndGlobalSection
	GlobalSection(ProjectConfigurationPlatforms) = postSolution
		{28E79E9B-632F-47E8-B7B3-BE1B1DFE5299}.Debug|Any CPU.ActiveCfg = Debug|Any CPU
		{28E79E9B-632F-47E8-B7B3-BE1B1DFE5299}.Debug|Any CPU.Build.0 = Debug|Any CPU
		{28E79E9B-632F-47E8-B7B3-BE1B1DFE5299}.Release|Any CPU.ActiveCfg = Release|Any CPU
		{28E79E9B-632F-47E8-B7B3-BE1B1DFE5299}.Release|Any CPU.Build.0 = Release|Any CPU
	EndGlobalSection
EndGlobal
