
Microsoft Visual Studio Solution File, Format Version 12.00
# Visual Studio 2012
Project("{FAE04EC0-301F-11D3-BF4B-00C04F79EFBC}") = "Arrays", "Arrays\Arrays.csproj", "{EF874721-2E76-4F1C-A407-163FD4CA0CF8}"
EndProject
Global
	GlobalSection(SolutionConfigurationPlatforms) = preSolution
		Debug|Any CPU = Debug|Any CPU
		Release|Any CPU = Release|Any CPU
	EndGlobalSection
	GlobalSection(ProjectConfigurationPlatforms) = postSolution
		{EF874721-2E76-4F1C-A407-163FD4CA0CF8}.Debug|Any CPU.ActiveCfg = Debug|Any CPU
		{EF874721-2E76-4F1C-A407-163FD4CA0CF8}.Debug|Any CPU.Build.0 = Debug|Any CPU
		{EF874721-2E76-4F1C-A407-163FD4CA0CF8}.Release|Any CPU.ActiveCfg = Release|Any CPU
		{EF874721-2E76-4F1C-A407-163FD4CA0CF8}.Release|Any CPU.Build.0 = Release|Any CPU
	EndGlobalSection
EndGlobal
