
Microsoft Visual Studio Solution File, Format Version 12.00
# Visual Studio 2012
Project("{FAE04EC0-301F-11D3-BF4B-00C04F79EFBC}") = "Excercises", "Excercises\Excercises.csproj", "{10FDB7AA-484F-4EDC-9A88-1C6B6ECABA60}"
EndProject
Global
	GlobalSection(SolutionConfigurationPlatforms) = preSolution
		Debug|Any CPU = Debug|Any CPU
		Release|Any CPU = Release|Any CPU
	EndGlobalSection
	GlobalSection(ProjectConfigurationPlatforms) = postSolution
		{10FDB7AA-484F-4EDC-9A88-1C6B6ECABA60}.Debug|Any CPU.ActiveCfg = Debug|Any CPU
		{10FDB7AA-484F-4EDC-9A88-1C6B6ECABA60}.Debug|Any CPU.Build.0 = Debug|Any CPU
		{10FDB7AA-484F-4EDC-9A88-1C6B6ECABA60}.Release|Any CPU.ActiveCfg = Release|Any CPU
		{10FDB7AA-484F-4EDC-9A88-1C6B6ECABA60}.Release|Any CPU.Build.0 = Release|Any CPU
	EndGlobalSection
EndGlobal
