
Microsoft Visual Studio Solution File, Format Version 12.00
# Visual Studio 2012
Project("{FAE04EC0-301F-11D3-BF4B-00C04F79EFBC}") = "InvalidList", "InvalidList\InvalidList.csproj", "{35FF5B9F-9A8A-4951-9C69-9EE8902BD899}"
EndProject
Global
	GlobalSection(SolutionConfigurationPlatforms) = preSolution
		Debug|Any CPU = Debug|Any CPU
		Release|Any CPU = Release|Any CPU
	EndGlobalSection
	GlobalSection(ProjectConfigurationPlatforms) = postSolution
		{35FF5B9F-9A8A-4951-9C69-9EE8902BD899}.Debug|Any CPU.ActiveCfg = Debug|Any CPU
		{35FF5B9F-9A8A-4951-9C69-9EE8902BD899}.Debug|Any CPU.Build.0 = Debug|Any CPU
		{35FF5B9F-9A8A-4951-9C69-9EE8902BD899}.Release|Any CPU.ActiveCfg = Release|Any CPU
		{35FF5B9F-9A8A-4951-9C69-9EE8902BD899}.Release|Any CPU.Build.0 = Release|Any CPU
	EndGlobalSection
EndGlobal
